
Microsoft Visual Studio Solution File, Format Version 12.00
# Visual Studio Version 16
VisualStudioVersion = 16.0.30114.105
MinimumVisualStudioVersion = 10.0.40219.1
Project("{FAE04EC0-301F-11D3-BF4B-00C04F79EFBC}") = "Testapi", "Testapi.Core\Testapi.csproj", "{574E2F00-1DAE-4915-8DF0-68D6FB3FA8C9}"
EndProject
Project("{FAE04EC0-301F-11D3-BF4B-00C04F79EFBC}") = "Testapi.Tests", "Testapi.Tests\Testapi.Tests.csproj", "{8216B308-FB94-447E-89FE-00C297C46D34}"
EndProject
Global
	GlobalSection(SolutionConfigurationPlatforms) = preSolution
		Debug|Any CPU = Debug|Any CPU
		Release|Any CPU = Release|Any CPU
	EndGlobalSection
	GlobalSection(SolutionProperties) = preSolution
		HideSolutionNode = FALSE
	EndGlobalSection
	GlobalSection(ProjectConfigurationPlatforms) = postSolution
		{574E2F00-1DAE-4915-8DF0-68D6FB3FA8C9}.Debug|Any CPU.ActiveCfg = Debug|Any CPU
		{574E2F00-1DAE-4915-8DF0-68D6FB3FA8C9}.Debug|Any CPU.Build.0 = Debug|Any CPU
		{574E2F00-1DAE-4915-8DF0-68D6FB3FA8C9}.Release|Any CPU.ActiveCfg = Release|Any CPU
		{574E2F00-1DAE-4915-8DF0-68D6FB3FA8C9}.Release|Any CPU.Build.0 = Release|Any CPU
		{8216B308-FB94-447E-89FE-00C297C46D34}.Debug|Any CPU.ActiveCfg = Debug|Any CPU
		{8216B308-FB94-447E-89FE-00C297C46D34}.Debug|Any CPU.Build.0 = Debug|Any CPU
		{8216B308-FB94-447E-89FE-00C297C46D34}.Release|Any CPU.ActiveCfg = Release|Any CPU
		{8216B308-FB94-447E-89FE-00C297C46D34}.Release|Any CPU.Build.0 = Release|Any CPU
	EndGlobalSection
EndGlobal
